// !$*UTF8*$!
{
	archiveVersion = 1;
	classes = {
	};
	objectVersion = 50;
	objects = {

/* Begin PBXBuildFile section */
		FCE16A2C2192753700D06C1D /* AppDelegate.m in Sources */ = {isa = PBXBuildFile; fileRef = FCE16A2B2192753700D06C1D /* AppDelegate.m */; };
		FCE16A2F2192753700D06C1D /* ViewController.m in Sources */ = {isa = PBXBuildFile; fileRef = FCE16A2E2192753700D06C1D /* ViewController.m */; };
		FCE16A322192753700D06C1D /* Main.storyboard in Resources */ = {isa = PBXBuildFile; fileRef = FCE16A302192753700D06C1D /* Main.storyboard */; };
		FCE16A342192753900D06C1D /* Assets.xcassets in Resources */ = {isa = PBXBuildFile; fileRef = FCE16A332192753900D06C1D /* Assets.xcassets */; };
		FCE16A372192753900D06C1D /* LaunchScreen.storyboard in Resources */ = {isa = PBXBuildFile; fileRef = FCE16A352192753900D06C1D /* LaunchScreen.storyboard */; };
		FCE16A3A2192753900D06C1D /* main.m in Sources */ = {isa = PBXBuildFile; fileRef = FCE16A392192753900D06C1D /* main.m */; };
/* End PBXBuildFile section */

/* Begin PBXFileReference section */
		FCE16A272192753700D06C1D /* VideoTimeLine.app */ = {isa = PBXFileReference; explicitFileType = wrapper.application; includeInIndex = 0; path = VideoTimeLine.app; sourceTree = BUILT_PRODUCTS_DIR; };
		FCE16A2A2192753700D06C1D /* AppDelegate.h */ = {isa = PBXFileReference; lastKnownFileType = sourcecode.c.h; path = AppDelegate.h; sourceTree = "<group>"; };
		FCE16A2B2192753700D06C1D /* AppDelegate.m */ = {isa = PBXFileReference; lastKnownFileType = sourcecode.c.objc; path = AppDelegate.m; sourceTree = "<group>"; };
		FCE16A2D2192753700D06C1D /* ViewController.h */ = {isa = PBXFileReference; lastKnownFileType = sourcecode.c.h; path = ViewController.h; sourceTree = "<group>"; };
		FCE16A2E2192753700D06C1D /* ViewController.m */ = {isa = PBXFileReference; lastKnownFileType = sourcecode.c.objc; path = ViewController.m; sourceTree = "<group>"; };
		FCE16A312192753700D06C1D /* Base */ = {isa = PBXFileReference; lastKnownFileType = file.storyboard; name = Base; path = Base.lproj/Main.storyboard; sourceTree = "<group>"; };
		FCE16A332192753900D06C1D /* Assets.xcassets */ = {isa = PBXFileReference; lastKnownFileType = folder.assetcatalog; path = Assets.xcassets; sourceTree = "<group>"; };
		FCE16A362192753900D06C1D /* Base */ = {isa = PBXFileReference; lastKnownFileType = file.storyboard; name = Base; path = Base.lproj/LaunchScreen.storyboard; sourceTree = "<group>"; };
		FCE16A382192753900D06C1D /* Info.plist */ = {isa = PBXFileReference; lastKnownFileType = text.plist.xml; path = Info.plist; sourceTree = "<group>"; };
		FCE16A392192753900D06C1D /* main.m */ = {isa = PBXFileReference; lastKnownFileType = sourcecode.c.objc; path = main.m; sourceTree = "<group>"; };
/* End PBXFileReference section */

/* Begin PBXFrameworksBuildPhase section */
		FCE16A242192753700D06C1D /* Frameworks */ = {
			isa = PBXFrameworksBuildPhase;
			buildActionMask = 2147483647;
			files = (
			);
			runOnlyForDeploymentPostprocessing = 0;
		};
/* End PBXFrameworksBuildPhase section */

/* Begin PBXGroup section */
		FCE16A1E2192753700D06C1D = {
			isa = PBXGroup;
			children = (
				FCE16A292192753700D06C1D /* VideoTimeLine */,
				FCE16A282192753700D06C1D /* Products */,
			);
			sourceTree = "<group>";
		};
		FCE16A282192753700D06C1D /* Products */ = {
			isa = PBXGroup;
			children = (
				FCE16A272192753700D06C1D /* VideoTimeLine.app */,
			);
			name = Products;
			sourceTree = "<group>";
		};
		FCE16A292192753700D06C1D /* VideoTimeLine */ = {
			isa = PBXGroup;
			children = (
				FCE16A2A2192753700D06C1D /* AppDelegate.h */,
				FCE16A2B2192753700D06C1D /* AppDelegate.m */,
				FCE16A2D2192753700D06C1D /* ViewController.h */,
				FCE16A2E2192753700D06C1D /* ViewController.m */,
				FCE16A302192753700D06C1D /* Main.storyboard */,
				FCE16A332192753900D06C1D /* Assets.xcassets */,
				FCE16A352192753900D06C1D /* LaunchScreen.storyboard */,
				FCE16A382192753900D06C1D /* Info.plist */,
				FCE16A392192753900D06C1D /* main.m */,
			);
			path = VideoTimeLine;
			sourceTree = "<group>";
		};
/* End PBXGroup section */

/* Begin PBXNativeTarget section */
		FCE16A262192753700D06C1D /* VideoTimeLine */ = {
			isa = PBXNativeTarget;
			buildConfigurationList = FCE16A3D2192753900D06C1D /* Build configuration list for PBXNativeTarget "VideoTimeLine" */;
			buildPhases = (
				FCE16A232192753700D06C1D /* Sources */,
				FCE16A242192753700D06C1D /* Frameworks */,
				FCE16A252192753700D06C1D /* Resources */,
			);
			buildRules = (
			);
			dependencies = (
			);
			name = VideoTimeLine;
			productName = VideoTimeLine;
			productReference = FCE16A272192753700D06C1D /* VideoTimeLine.app */;
			productType = "com.apple.product-type.application";
		};
/* End PBXNativeTarget section */

/* Begin PBXProject section */
		FCE16A1F2192753700D06C1D /* Project object */ = {
			isa = PBXProject;
			attributes = {
				LastUpgradeCheck = 1000;
				ORGANIZATIONNAME = "Space Zhong";
				TargetAttributes = {
					FCE16A262192753700D06C1D = {
						CreatedOnToolsVersion = 10.0;
					};
				};
			};
			buildConfigurationList = FCE16A222192753700D06C1D /* Build configuration list for PBXProject "VideoTimeLine" */;
			compatibilityVersion = "Xcode 9.3";
			developmentRegion = en;
			hasScannedForEncodings = 0;
			knownRegions = (
				en,
				Base,
			);
			mainGroup = FCE16A1E2192753700D06C1D;
			productRefGroup = FCE16A282192753700D06C1D /* Products */;
			projectDirPath = "";
			projectRoot = "";
			targets = (
				FCE16A262192753700D06C1D /* VideoTimeLine */,
			);
		};
/* End PBXProject section */

/* Begin PBXResourcesBuildPhase section */
		FCE16A252192753700D06C1D /* Resources */ = {
			isa = PBXResourcesBuildPhase;
			buildActionMask = 2147483647;
			files = (
				FCE16A372192753900D06C1D /* LaunchScreen.storyboard in Resources */,
				FCE16A342192753900D06C1D /* Assets.xcassets in Resources */,
				FCE16A322192753700D06C1D /* Main.storyboard in Resources */,
			);
			runOnlyForDeploymentPostprocessing = 0;
		};
/* End PBXResourcesBuildPhase section */

/* Begin PBXSourcesBuildPhase section */
		FCE16A232192753700D06C1D /* Sources */ = {
			isa = PBXSourcesBuildPhase;
			buildActionMask = 2147483647;
			files = (
				FCE16A2F2192753700D06C1D /* ViewController.m in Sources */,
				FCE16A3A2192753900D06C1D /* main.m in Sources */,
				FCE16A2C2192753700D06C1D /* AppDelegate.m in Sources */,
			);
			runOnlyForDeploymentPostprocessing = 0;
		};
/* End PBXSourcesBuildPhase section */

/* Begin PBXVariantGroup section */
		FCE16A302192753700D06C1D /* Main.storyboard */ = {
			isa = PBXVariantGroup;
			children = (
				FCE16A312192753700D06C1D /* Base */,
			);
			name = Main.storyboard;
			sourceTree = "<group>";
		};
		FCE16A352192753900D06C1D /* LaunchScreen.storyboard */ = {
			isa = PBXVariantGroup;
			children = (
				FCE16A362192753900D06C1D /* Base */,
			);
			name = LaunchScreen.storyboard;
			sourceTree = "<group>";
		};
/* End PBXVariantGroup section */

/* Begin XCBuildConfiguration section */
		FCE16A3B2192753900D06C1D /* Debug */ = {
			isa = XCBuildConfiguration;
			buildSettings = {
				ALWAYS_SEARCH_USER_PATHS = NO;
				CLANG_ANALYZER_NONNULL = YES;
				CLANG_ANALYZER_NUMBER_OBJECT_CONVERSION = YES_AGGRESSIVE;
				CLANG_CXX_LANGUAGE_STANDARD = "gnu++14";
				CLANG_CXX_LIBRARY = "libc++";
				CLANG_ENABLE_MODULES = YES;
				CLANG_ENABLE_OBJC_ARC = YES;
				CLANG_ENABLE_OBJC_WEAK = YES;
				CLANG_WARN_BLOCK_CAPTURE_AUTORELEASING = YES;
				CLANG_WARN_BOOL_CONVERSION = YES;
				CLANG_WARN_COMMA = YES;
				CLANG_WARN_CONSTANT_CONVERSION = YES;
				CLANG_WARN_DEPRECATED_OBJC_IMPLEMENTATIONS = YES;
				CLANG_WARN_DIRECT_OBJC_ISA_USAGE = YES_ERROR;
				CLANG_WARN_DOCUMENTATION_COMMENTS = YES;
				CLANG_WARN_EMPTY_BODY = YES;
				CLANG_WARN_ENUM_CONVERSION = YES;
				CLANG_WARN_INFINITE_RECURSION = YES;
				CLANG_WARN_INT_CONVERSION = YES;
				CLANG_WARN_NON_LITERAL_NULL_CONVERSION = YES;
				CLANG_WARN_OBJC_IMPLICIT_RETAIN_SELF = YES;
				CLANG_WARN_OBJC_LITERAL_CONVERSION = YES;
				CLANG_WARN_OBJC_ROOT_CLASS = YES_ERROR;
				CLANG_WARN_RANGE_LOOP_ANALYSIS = YES;
				CLANG_WARN_STRICT_PROTOTYPES = YES;
				CLANG_WARN_SUSPICIOUS_MOVE = YES;
				CLANG_WARN_UNGUARDED_AVAILABILITY = YES_AGGRESSIVE;
				CLANG_WARN_UNREACHABLE_CODE = YES;
				CLANG_WARN__DUPLICATE_METHOD_MATCH = YES;
				CODE_SIGN_IDENTITY = "iPhone Developer";
				COPY_PHASE_STRIP = NO;
				DEBUG_INFORMATION_FORMAT = dwarf;
				ENABLE_STRICT_OBJC_MSGSEND = YES;
				ENABLE_TESTABILITY = YES;
				GCC_C_LANGUAGE_STANDARD = gnu11;
				GCC_DYNAMIC_NO_PIC = NO;
				GCC_NO_COMMON_BLOCKS = YES;
				GCC_OPTIMIZATION_LEVEL = 0;
				GCC_PREPROCESSOR_DEFINITIONS = (
					"DEBUG=1",
					"$(inherited)",
				);
				GCC_WARN_64_TO_32_BIT_CONVERSION = YES;
				GCC_WARN_ABOUT_RETURN_TYPE = YES_ERROR;
				GCC_WARN_UNDECLARED_SELECTOR = YES;
				GCC_WARN_UNINITIALIZED_AUTOS = YES_AGGRESSIVE;
				GCC_WARN_UNUSED_FUNCTION = YES;
				GCC_WARN_UNUSED_VARIABLE = YES;
				IPHONEOS_DEPLOYMENT_TARGET = 12.0;
				MTL_ENABLE_DEBUG_INFO = INCLUDE_SOURCE;
				MTL_FAST_MATH = YES;
				ONLY_ACTIVE_ARCH = YES;
				SDKROOT = iphoneos;
			};
			name = Debug;
		};
		FCE16A3C2192753900D06C1D /* Release */ = {
			isa = XCBuildConfiguration;
			buildSettings = {
				ALWAYS_SEARCH_USER_PATHS = NO;
				CLANG_ANALYZER_NONNULL = YES;
				CLANG_ANALYZER_NUMBER_OBJECT_CONVERSION = YES_AGGRESSIVE;
				CLANG_CXX_LANGUAGE_STANDARD = "gnu++14";
				CLANG_CXX_LIBRARY = "libc++";
				CLANG_ENABLE_MODULES = YES;
				CLANG_ENABLE_OBJC_ARC = YES;
				CLANG_ENABLE_OBJC_WEAK = YES;
				CLANG_WARN_BLOCK_CAPTURE_AUTORELEASING = YES;
				CLANG_WARN_BOOL_CONVERSION = YES;
				CLANG_WARN_COMMA = YES;
				CLANG_WARN_CONSTANT_CONVERSION = YES;
				CLANG_WARN_DEPRECATED_OBJC_IMPLEMENTATIONS = YES;
				CLANG_WARN_DIRECT_OBJC_ISA_USAGE = YES_ERROR;
				CLANG_WARN_DOCUMENTATION_COMMENTS = YES;
				CLANG_WARN_EMPTY_BODY = YES;
				CLANG_WARN_ENUM_CONVERSION = YES;
				CLANG_WARN_INFINITE_RECURSION = YES;
				CLANG_WARN_INT_CONVERSION = YES;
				CLANG_WARN_NON_LITERAL_NULL_CONVERSION = YES;
				CLANG_WARN_OBJC_IMPLICIT_RETAIN_SELF = YES;
				CLANG_WARN_OBJC_LITERAL_CONVERSION = YES;
				CLANG_WARN_OBJC_ROOT_CLASS = YES_ERROR;
				CLANG_WARN_RANGE_LOOP_ANALYSIS = YES;
				CLANG_WARN_STRICT_PROTOTYPES = YES;
				CLANG_WARN_SUSPICIOUS_MOVE = YES;
				CLANG_WARN_UNGUARDED_AVAILABILITY = YES_AGGRESSIVE;
				CLANG_WARN_UNREACHABLE_CODE = YES;
				CLANG_WARN__DUPLICATE_METHOD_MATCH = YES;
				CODE_SIGN_IDENTITY = "iPhone Developer";
				COPY_PHASE_STRIP = NO;
				DEBUG_INFORMATION_FORMAT = "dwarf-with-dsym";
				ENABLE_NS_ASSERTIONS = NO;
				ENABLE_STRICT_OBJC_MSGSEND = YES;
				GCC_C_LANGUAGE_STANDARD = gnu11;
				GCC_NO_COMMON_BLOCKS = YES;
				GCC_WARN_64_TO_32_BIT_CONVERSION = YES;
				GCC_WARN_ABOUT_RETURN_TYPE = YES_ERROR;
				GCC_WARN_UNDECLARED_SELECTOR = YES;
				GCC_WARN_UNINITIALIZED_AUTOS = YES_AGGRESSIVE;
				GCC_WARN_UNUSED_FUNCTION = YES;
				GCC_WARN_UNUSED_VARIABLE = YES;
				IPHONEOS_DEPLOYMENT_TARGET = 12.0;
				MTL_ENABLE_DEBUG_INFO = NO;
				MTL_FAST_MATH = YES;
				SDKROOT = iphoneos;
				VALIDATE_PRODUCT = YES;
			};
			name = Release;
		};
		FCE16A3E2192753900D06C1D /* Debug */ = {
			isa = XCBuildConfiguration;
			buildSettings = {
				ASSETCATALOG_COMPILER_APPICON_NAME = AppIcon;
				CODE_SIGN_STYLE = Automatic;
				INFOPLIST_FILE = VideoTimeLine/Info.plist;
				LD_RUNPATH_SEARCH_PATHS = (
					"$(inherited)",
					"@executable_path/Frameworks",
				);
				PRODUCT_BUNDLE_IDENTIFIER = Space.VideoTimeLine;
				PRODUCT_NAME = "$(TARGET_NAME)";
				TARGETED_DEVICE_FAMILY = "1,2";
			};
			name = Debug;
		};
		FCE16A3F2192753900D06C1D /* Release */ = {
			isa = XCBuildConfiguration;
			buildSettings = {
				ASSETCATALOG_COMPILER_APPICON_NAME = AppIcon;
				CODE_SIGN_STYLE = Automatic;
				INFOPLIST_FILE = VideoTimeLine/Info.plist;
				LD_RUNPATH_SEARCH_PATHS = (
					"$(inherited)",
					"@executable_path/Frameworks",
				);
				PRODUCT_BUNDLE_IDENTIFIER = Space.VideoTimeLine;
				PRODUCT_NAME = "$(TARGET_NAME)";
				TARGETED_DEVICE_FAMILY = "1,2";
			};
			name = Release;
		};
/* End XCBuildConfiguration section */

/* Begin XCConfigurationList section */
		FCE16A222192753700D06C1D /* Build configuration list for PBXProject "VideoTimeLine" */ = {
			isa = XCConfigurationList;
			buildConfigurations = (
				FCE16A3B2192753900D06C1D /* Debug */,
				FCE16A3C2192753900D06C1D /* Release */,
			);
			defaultConfigurationIsVisible = 0;
			defaultConfigurationName = Release;
		};
		FCE16A3D2192753900D06C1D /* Build configuration list for PBXNativeTarget "VideoTimeLine" */ = {
			isa = XCConfigurationList;
			buildConfigurations = (
				FCE16A3E2192753900D06C1D /* Debug */,
				FCE16A3F2192753900D06C1D /* Release */,
			);
			defaultConfigurationIsVisible = 0;
			defaultConfigurationName = Release;
		};
/* End XCConfigurationList section */
	};
	rootObject = FCE16A1F2192753700D06C1D /* Project object */;
}
